
Microsoft Visual Studio Solution File, Format Version 12.00
# Visual Studio Version 16
VisualStudioVersion = 16.0.29911.84
MinimumVisualStudioVersion = 10.0.40219.1
Project("{FAE04EC0-301F-11D3-BF4B-00C04F79EFBC}") = "DocxSignatureConsoleApp", "Paste-to-word\DocxSignatureConsoleApp.csproj", "{5ABB224E-465A-4730-B664-EE1308A825E7}"
EndProject
Project("{FAE04EC0-301F-11D3-BF4B-00C04F79EFBC}") = "DocxSignature", "DocxSignature\DocxSignature.csproj", "{92491B55-0DDF-4D8A-815C-6D91B4BF5B2A}"
EndProject
Global
	GlobalSection(SolutionConfigurationPlatforms) = preSolution
		Debug|Any CPU = Debug|Any CPU
		Release|Any CPU = Release|Any CPU
	EndGlobalSection
	GlobalSection(ProjectConfigurationPlatforms) = postSolution
		{5ABB224E-465A-4730-B664-EE1308A825E7}.Debug|Any CPU.ActiveCfg = Debug|Any CPU
		{5ABB224E-465A-4730-B664-EE1308A825E7}.Debug|Any CPU.Build.0 = Debug|Any CPU
		{5ABB224E-465A-4730-B664-EE1308A825E7}.Release|Any CPU.ActiveCfg = Release|Any CPU
		{5ABB224E-465A-4730-B664-EE1308A825E7}.Release|Any CPU.Build.0 = Release|Any CPU
		{92491B55-0DDF-4D8A-815C-6D91B4BF5B2A}.Debug|Any CPU.ActiveCfg = Debug|Any CPU
		{92491B55-0DDF-4D8A-815C-6D91B4BF5B2A}.Debug|Any CPU.Build.0 = Debug|Any CPU
		{92491B55-0DDF-4D8A-815C-6D91B4BF5B2A}.Release|Any CPU.ActiveCfg = Release|Any CPU
		{92491B55-0DDF-4D8A-815C-6D91B4BF5B2A}.Release|Any CPU.Build.0 = Release|Any CPU
	EndGlobalSection
	GlobalSection(SolutionProperties) = preSolution
		HideSolutionNode = FALSE
	EndGlobalSection
	GlobalSection(ExtensibilityGlobals) = postSolution
		SolutionGuid = {A0E4E88C-C427-4402-BDE5-6C82E4D5FAB0}
	EndGlobalSection
EndGlobal
